{
  "requires": true,
  "lockfileVersion": 1,
  "dependencies": {
    "abbrev": {
      "version": "1.1.1",
      "resolved": "https://registry.npmjs.org/abbrev/-/abbrev-1.1.1.tgz",
      "integrity": "sha512-nne9/IiQ/hzIhY6pdDnbBtz7DjPTKrY00P/zvPSm5pOFkl6xuGrGnXn/VtTNNfNtAfZ9/1RtehkszU9qcTii0Q=="
    },
    "amdefine": {
      "version": "1.0.1",
      "resolved": "https://registry.npmjs.org/amdefine/-/amdefine-1.0.1.tgz",
      "integrity": "sha1-SlKCrBZHKek2Gbz9OtFR+BfOkfU="
    },
    "ansi-color": {
      "version": "0.2.1",
      "resolved": "https://registry.npmjs.org/ansi-color/-/ansi-color-0.2.1.tgz",
      "integrity": "sha1-PnXAN0dSF1RO12Oo21cJ+prlv5o="
    },
    "async": {
      "version": "0.1.22",
      "resolved": "https://registry.npmjs.org/async/-/async-0.1.22.tgz",
      "integrity": "sha1-D8GqoIig4+8Ovi2IMbqw3PiEUGE="
    },
    "balanced-match": {
      "version": "1.0.0",
      "resolved": "https://registry.npmjs.org/balanced-match/-/balanced-match-1.0.0.tgz",
      "integrity": "sha1-ibTRmasr7kneFk6gK4nORi1xt2c="
    },
    "brace-expansion": {
      "version": "1.1.11",
      "resolved": "https://registry.npmjs.org/brace-expansion/-/brace-expansion-1.1.11.tgz",
      "integrity": "sha512-iCuPHDFgrHX7H2vEI/5xpz07zSHB00TpugqhmYtVmMO6518mCuRMoOYFldEBl0g187ufozdaHgWKcYFb61qGiA==",
      "requires": {
        "balanced-match": "^1.0.0",
        "concat-map": "0.0.1"
      }
    },
    "cli": {
      "version": "0.6.6",
      "resolved": "https://registry.npmjs.org/cli/-/cli-0.6.6.tgz",
      "integrity": "sha1-Aq1Eo4Cr8nraxebwzdewQ9dMU+M=",
      "requires": {
        "exit": "0.1.2",
        "glob": "~ 3.2.1"
      }
    },
    "concat-map": {
      "version": "0.0.1",
      "resolved": "https://registry.npmjs.org/concat-map/-/concat-map-0.0.1.tgz",
      "integrity": "sha1-2Klr13/Wjfd5OnMDajug1UBdR3s="
    },
    "console-browserify": {
      "version": "1.1.0",
      "resolved": "https://registry.npmjs.org/console-browserify/-/console-browserify-1.1.0.tgz",
      "integrity": "sha1-8CQcRXMKn8YyOyBtvzjtx0HQuxA=",
      "requires": {
        "date-now": "^0.1.4"
      }
    },
    "core-util-is": {
      "version": "1.0.2",
      "resolved": "https://registry.npmjs.org/core-util-is/-/core-util-is-1.0.2.tgz",
      "integrity": "sha1-tf1UIgqivFq1eqtxQMlAdUUDwac="
    },
    "cpplint": {
      "version": "0.0.1",
      "resolved": "https://registry.npmjs.org/cpplint/-/cpplint-0.0.1.tgz",
      "integrity": "sha1-7+ITrkxSjrE2xteN2uC3BjCSmAg=",
      "requires": {
        "python-shell": "^0.4.0"
      }
    },
    "cpr": {
      "version": "0.0.6",
      "resolved": "https://registry.npmjs.org/cpr/-/cpr-0.0.6.tgz",
      "integrity": "sha1-U43SYnolrlDtoNwPgyKfuWDQhrM=",
      "requires": {
        "graceful-fs": "~1.1.14",
        "mkdirp": "~0.3.4",
        "rimraf": "~2.0.2"
      },
      "dependencies": {
        "graceful-fs": {
          "version": "1.1.14",
          "resolved": "https://registry.npmjs.org/graceful-fs/-/graceful-fs-1.1.14.tgz",
          "integrity": "sha1-BweNtfY3f2Mh/Oqu30l94STclGU="
        },
        "mkdirp": {
          "version": "0.3.5",
          "resolved": "https://registry.npmjs.org/mkdirp/-/mkdirp-0.3.5.tgz",
          "integrity": "sha1-3j5fiWHIjHh+4TaN+EmsRBPsqNc="
        },
        "rimraf": {
          "version": "2.0.3",
          "resolved": "https://registry.npmjs.org/rimraf/-/rimraf-2.0.3.tgz",
          "integrity": "sha1-9QopZecUTpr9mYmC8V33BnMPVqk=",
          "requires": {
            "graceful-fs": "~1.1"
          }
        }
      }
    },
    "csslint": {
      "version": "0.10.0",
      "resolved": "https://registry.npmjs.org/csslint/-/csslint-0.10.0.tgz",
      "integrity": "sha1-OmoE51Zcjp0ZvrSXZ8fslug2WAU=",
      "requires": {
        "parserlib": "~0.2.2"
      }
    },
    "cssproc": {
      "version": "0.0.7",
      "resolved": "https://registry.npmjs.org/cssproc/-/cssproc-0.0.7.tgz",
      "integrity": "sha1-+Ch4pPhKvpcxVUK5ln9mUNhdPf4="
    },
    "date-now": {
      "version": "0.1.4",
      "resolved": "https://registry.npmjs.org/date-now/-/date-now-0.1.4.tgz",
      "integrity": "sha1-6vQ5/U1ISK105cx9vvIAZyueNFs="
    },
    "debug": {
      "version": "0.7.4",
      "resolved": "https://registry.npmjs.org/debug/-/debug-0.7.4.tgz",
      "integrity": "sha1-BuHqgILCyxTjmAbiLi9vdX+Srzk="
    },
    "dom-serializer": {
      "version": "0.2.2",
      "resolved": "https://registry.npmjs.org/dom-serializer/-/dom-serializer-0.2.2.tgz",
      "integrity": "sha512-2/xPb3ORsQ42nHYiSunXkDjPLBaEj/xTwUO4B7XCZQTRk7EBtTOPaygh10YAAh2OI1Qrp6NWfpAhzswj0ydt9g==",
      "requires": {
        "domelementtype": "^2.0.1",
        "entities": "^2.0.0"
      },
      "dependencies": {
        "domelementtype": {
          "version": "2.1.0",
          "resolved": "https://registry.npmjs.org/domelementtype/-/domelementtype-2.1.0.tgz",
          "integrity": "sha512-LsTgx/L5VpD+Q8lmsXSHW2WpA+eBlZ9HPf3erD1IoPF00/3JKHZ3BknUVA2QGDNu69ZNmyFmCWBSO45XjYKC5w=="
        },
        "entities": {
          "version": "2.2.0",
          "resolved": "https://registry.npmjs.org/entities/-/entities-2.2.0.tgz",
          "integrity": "sha512-p92if5Nz619I0w+akJrLZH0MX0Pb5DX39XOwQTtXSdQQOaYH03S1uIQp4mhOZtAXrxq4ViO67YTiLBo2638o9A=="
        }
      }
    },
    "domelementtype": {
      "version": "1.3.1",
      "resolved": "https://registry.npmjs.org/domelementtype/-/domelementtype-1.3.1.tgz",
      "integrity": "sha512-BSKB+TSpMpFI/HOxCNr1O8aMOTZ8hT3pM3GQ0w/mWRmkhEDSFJkkyzz4XQsBV44BChwGkrDfMyjVD0eA2aFV3w=="
    },
    "domhandler": {
      "version": "2.3.0",
      "resolved": "https://registry.npmjs.org/domhandler/-/domhandler-2.3.0.tgz",
      "integrity": "sha1-LeWaCCLVAn+r/28DLCsloqir5zg=",
      "requires": {
        "domelementtype": "1"
      }
    },
    "domutils": {
      "version": "1.5.1",
      "resolved": "https://registry.npmjs.org/domutils/-/domutils-1.5.1.tgz",
      "integrity": "sha1-3NhIiib1Y9YQeeSMn3t+Mjc2gs8=",
      "requires": {
        "dom-serializer": "0",
        "domelementtype": "1"
      }
    },
    "entities": {
      "version": "1.0.0",
      "resolved": "https://registry.npmjs.org/entities/-/entities-1.0.0.tgz",
      "integrity": "sha1-sph6o4ITR/zeZCsk/fyeT7cSvyY="
    },
    "escodegen": {
      "version": "0.0.23",
      "resolved": "https://registry.npmjs.org/escodegen/-/escodegen-0.0.23.tgz",
      "integrity": "sha1-ms+XgWQ2jkInZXHxiDnII7OoRN8=",
      "requires": {
        "esprima": "~1.0.2",
        "estraverse": "~0.0.4",
        "source-map": ">= 0.1.2"
      }
    },
    "esprima": {
      "version": "1.0.4",
      "resolved": "https://registry.npmjs.org/esprima/-/esprima-1.0.4.tgz",
      "integrity": "sha1-n1V+CPw7TSbs6d00+Pv0drYlha0="
    },
    "estraverse": {
      "version": "0.0.4",
      "resolved": "https://registry.npmjs.org/estraverse/-/estraverse-0.0.4.tgz",
      "integrity": "sha1-AaCTLf7ldGhKWYr1pnw7+bZCjbI="
    },
    "exec-sh": {
      "version": "0.2.2",
      "resolved": "https://registry.npmjs.org/exec-sh/-/exec-sh-0.2.2.tgz",
      "integrity": "sha512-FIUCJz1RbuS0FKTdaAafAByGS0CPvU3R0MeHxgtl+djzCc//F8HakL8GzmVNZanasTbTAY/3DRFA0KpVqj/eAw==",
      "requires": {
        "merge": "^1.2.0"
      }
    },
    "exit": {
      "version": "0.1.2",
      "resolved": "https://registry.npmjs.org/exit/-/exit-0.1.2.tgz",
      "integrity": "sha1-BjJjj42HfMghB9MKD/8aF8uhzQw="
    },
    "extend": {
      "version": "2.0.2",
      "resolved": "https://registry.npmjs.org/extend/-/extend-2.0.2.tgz",
      "integrity": "sha512-AgFD4VU+lVLP6vjnlNfF7OeInLTyeyckCNPEsuxz1vi786UuK/nk6ynPuhn/h+Ju9++TQyr5EpLRI14fc1QtTQ=="
    },
    "fileset": {
      "version": "0.1.8",
      "resolved": "https://registry.npmjs.org/fileset/-/fileset-0.1.8.tgz",
      "integrity": "sha1-UGuRqTluqn4y+0KoQHfHoMc2t0E=",
      "requires": {
        "glob": "3.x",
        "minimatch": "0.x"
      }
    },
    "findup-sync": {
      "version": "0.2.1",
      "resolved": "https://registry.npmjs.org/findup-sync/-/findup-sync-0.2.1.tgz",
      "integrity": "sha1-4KkKRQB1xJRm7lE3MgV1FLgeh4w=",
      "requires": {
        "glob": "~4.3.0"
      },
      "dependencies": {
        "glob": {
          "version": "4.3.5",
          "resolved": "https://registry.npmjs.org/glob/-/glob-4.3.5.tgz",
          "integrity": "sha1-gPuwjKVA8jiszl0R0em8QedRc9M=",
          "requires": {
            "inflight": "^1.0.4",
            "inherits": "2",
            "minimatch": "^2.0.1",
            "once": "^1.3.0"
          }
        },
        "minimatch": {
          "version": "2.0.10",
          "resolved": "https://registry.npmjs.org/minimatch/-/minimatch-2.0.10.tgz",
          "integrity": "sha1-jQh8OcazjAAbl/ynzm0OHoCvusc=",
          "requires": {
            "brace-expansion": "^1.0.0"
          }
        }
      }
    },
    "flagged-respawn": {
      "version": "0.3.2",
      "resolved": "https://registry.npmjs.org/flagged-respawn/-/flagged-respawn-0.3.2.tgz",
      "integrity": "sha1-/xke3c1wiKZ1smEP/8l2vpuAdLU="
    },
    "fs.realpath": {
      "version": "1.0.0",
      "resolved": "https://registry.npmjs.org/fs.realpath/-/fs.realpath-1.0.0.tgz",
      "integrity": "sha1-FQStJSMVjKpA20onh8sBQRmU6k8="
    },
    "gear": {
      "version": "0.7.16",
      "resolved": "https://registry.npmjs.org/gear/-/gear-0.7.16.tgz",
      "integrity": "sha1-aUlYOejDNkz7zucfCu5PsDUcDmI=",
      "requires": {
        "async": "0.1.x",
        "mkdirp": "0.3.x"
      },
      "dependencies": {
        "mkdirp": {
          "version": "0.3.5",
          "resolved": "https://registry.npmjs.org/mkdirp/-/mkdirp-0.3.5.tgz",
          "integrity": "sha1-3j5fiWHIjHh+4TaN+EmsRBPsqNc="
        }
      }
    },
    "gear-lib": {
      "version": "0.8.15",
      "resolved": "https://registry.npmjs.org/gear-lib/-/gear-lib-0.8.15.tgz",
      "integrity": "sha1-/AdqFOd5Yzab7XUraURqbtz2CW4=",
      "requires": {
        "async": "0.2.x",
        "csslint": "0.10.x",
        "gear": ">= 0.8.x",
        "glob": "3.2.x",
        "handlebars": "2.0.x",
        "jshint": "2.5.x",
        "jslint": "0.3.x",
        "knox": "0.8.x",
        "less": "1.3.x",
        "mime": "1.2.x",
        "uglify-js": "1.3.x"
      },
      "dependencies": {
        "async": {
          "version": "0.2.10",
          "resolved": "https://registry.npmjs.org/async/-/async-0.2.10.tgz",
          "integrity": "sha1-trvgsGdLnXGXCMo43owjfLUmw9E="
        },
        "gear": {
          "version": "0.9.7",
          "resolved": "https://registry.npmjs.org/gear/-/gear-0.9.7.tgz",
          "integrity": "sha1-Hq0Z7uY5MZ2OLmVUlMYb2JVud38=",
          "requires": {
            "async": "0.8.x",
            "liftoff": "2.0.x",
            "minimist": "0.1.x",
            "mkdirp": "0.5.x"
          },
          "dependencies": {
            "async": {
              "version": "0.8.0",
              "resolved": "https://registry.npmjs.org/async/-/async-0.8.0.tgz",
              "integrity": "sha1-7mXsdymML/FFa8RBigUtDwZDURI="
            }
          }
        },
        "jshint": {
          "version": "2.5.11",
          "resolved": "https://registry.npmjs.org/jshint/-/jshint-2.5.11.tgz",
          "integrity": "sha1-4tlYWLuxqngwAQii6BCZ+wlWIuA=",
          "requires": {
            "cli": "0.6.x",
            "console-browserify": "1.1.x",
            "exit": "0.1.x",
            "htmlparser2": "3.8.x",
            "minimatch": "1.0.x",
            "shelljs": "0.3.x",
            "strip-json-comments": "1.0.x",
            "underscore": "1.6.x"
          }
        },
        "lru-cache": {
          "version": "2.7.3",
          "resolved": "https://registry.npmjs.org/lru-cache/-/lru-cache-2.7.3.tgz",
          "integrity": "sha1-bUUk6LlV+V1PW1iFHOId1y+06VI="
        },
        "minimatch": {
          "version": "1.0.0",
          "resolved": "https://registry.npmjs.org/minimatch/-/minimatch-1.0.0.tgz",
          "integrity": "sha1-4N0hILSeG3JM6NcUxSCCKpQ4V20=",
          "requires": {
            "lru-cache": "2",
            "sigmund": "~1.0.0"
          }
        },
        "mkdirp": {
          "version": "0.5.5",
          "resolved": "https://registry.npmjs.org/mkdirp/-/mkdirp-0.5.5.tgz",
          "integrity": "sha512-NKmAlESf6jMGym1++R0Ra7wvhV+wFW63FaSOFPwRahvea0gMUcGUhVeAg/0BC0wiv9ih5NYPB1Wn1UEI1/L+xQ==",
          "requires": {
            "minimist": "^1.2.5"
          },
          "dependencies": {
            "minimist": {
              "version": "1.2.5",
              "resolved": "https://registry.npmjs.org/minimist/-/minimist-1.2.5.tgz",
              "integrity": "sha512-FM9nNUYrRBAELZQT3xeZQ7fmMOBg6nWNmJKTcgsJeaLstP/UODVpGsr5OhXhhXg6f+qtJ8uiZ+PUxkDWcgIXLw=="
            }
          }
        }
      }
    },
    "glob": {
      "version": "3.2.11",
      "resolved": "https://registry.npmjs.org/glob/-/glob-3.2.11.tgz",
      "integrity": "sha1-Spc/Y1uRkPcV0QmH1cAP0oFevj0=",
      "requires": {
        "inherits": "2",
        "minimatch": "0.3"
      },
      "dependencies": {
        "lru-cache": {
          "version": "2.7.3",
          "resolved": "https://registry.npmjs.org/lru-cache/-/lru-cache-2.7.3.tgz",
          "integrity": "sha1-bUUk6LlV+V1PW1iFHOId1y+06VI="
        },
        "minimatch": {
          "version": "0.3.0",
          "resolved": "https://registry.npmjs.org/minimatch/-/minimatch-0.3.0.tgz",
          "integrity": "sha1-J12O2qxPG7MyZHIInnlJyDlGmd0=",
          "requires": {
            "lru-cache": "2",
            "sigmund": "~1.0.0"
          }
        }
      }
    },
    "graceful-fs": {
      "version": "4.2.5",
      "resolved": "https://registry.npmjs.org/graceful-fs/-/graceful-fs-4.2.5.tgz",
      "integrity": "sha512-kBBSQbz2K0Nyn+31j/w36fUfxkBW9/gfwRWdUY1ULReH3iokVJgddZAFcD1D0xlgTmFxJCbUkUclAlc6/IDJkw=="
    },
    "handlebars": {
      "version": "2.0.0",
      "resolved": "https://registry.npmjs.org/handlebars/-/handlebars-2.0.0.tgz",
      "integrity": "sha1-bp1/hRSjRn+l6fgswVjs/B1ax28=",
      "requires": {
        "optimist": "~0.3",
        "uglify-js": "~2.3"
      },
      "dependencies": {
        "async": {
          "version": "0.2.10",
          "resolved": "https://registry.npmjs.org/async/-/async-0.2.10.tgz",
          "integrity": "sha1-trvgsGdLnXGXCMo43owjfLUmw9E=",
          "optional": true
        },
        "uglify-js": {
          "version": "2.3.6",
          "resolved": "https://registry.npmjs.org/uglify-js/-/uglify-js-2.3.6.tgz",
          "integrity": "sha1-+gmEdwtCi3qbKoBY9GNV0U/vIRo=",
          "optional": true,
          "requires": {
            "async": "~0.2.6",
            "optimist": "~0.3.5",
            "source-map": "~0.1.7"
          }
        }
      }
    },
    "htmlparser2": {
      "version": "3.8.3",
      "resolved": "https://registry.npmjs.org/htmlparser2/-/htmlparser2-3.8.3.tgz",
      "integrity": "sha1-mWwosZFRaovoZQGn15dX5ccMEGg=",
      "requires": {
        "domelementtype": "1",
        "domhandler": "2.3",
        "domutils": "1.5",
        "entities": "1.0",
        "readable-stream": "1.1"
      }
    },
    "inflight": {
      "version": "1.0.6",
      "resolved": "https://registry.npmjs.org/inflight/-/inflight-1.0.6.tgz",
      "integrity": "sha1-Sb1jMdfQLQwJvJEKEHW6gWW1bfk=",
      "requires": {
        "once": "^1.3.0",
        "wrappy": "1"
      }
    },
    "inherits": {
      "version": "2.0.4",
      "resolved": "https://registry.npmjs.org/inherits/-/inherits-2.0.4.tgz",
      "integrity": "sha512-k/vGaX4/Yla3WzyMCvTQOXYeIHvqOKtnqBduzTHpzpQZzAskKMhZ2K+EnBiSM9zGSoIFeMpXKxa4dYeZIQqewQ=="
    },
    "isarray": {
      "version": "0.0.1",
      "resolved": "https://registry.npmjs.org/isarray/-/isarray-0.0.1.tgz",
      "integrity": "sha1-ihis/Kmo9Bd+Cav8YDiTmwXR7t8="
    },
    "isexe": {
      "version": "2.0.0",
      "resolved": "https://registry.npmjs.org/isexe/-/isexe-2.0.0.tgz",
      "integrity": "sha1-6PvzdNxVb/iUehDcsFctYz8s+hA="
    },
    "istanbul": {
      "version": "0.1.46",
      "resolved": "https://registry.npmjs.org/istanbul/-/istanbul-0.1.46.tgz",
      "integrity": "sha1-zv6xx4fRJabbI70PY7Drk5CwtA0=",
      "requires": {
        "abbrev": "1.0.x",
        "async": "0.2.x",
        "escodegen": "0.0.23",
        "esprima": "1.0.x",
        "fileset": "0.1.x",
        "handlebars": "1.0.x",
        "mkdirp": "0.3.x",
        "nopt": "2.1.x",
        "resolve": "0.5.x",
        "which": "1.0.x",
        "wordwrap": "0.0.x"
      },
      "dependencies": {
        "abbrev": {
          "version": "1.0.9",
          "resolved": "https://registry.npmjs.org/abbrev/-/abbrev-1.0.9.tgz",
          "integrity": "sha1-kbR5JYinc4wl813W9jdSovh3YTU="
        },
        "async": {
          "version": "0.2.10",
          "resolved": "https://registry.npmjs.org/async/-/async-0.2.10.tgz",
          "integrity": "sha1-trvgsGdLnXGXCMo43owjfLUmw9E="
        },
        "handlebars": {
          "version": "1.0.12",
          "resolved": "https://registry.npmjs.org/handlebars/-/handlebars-1.0.12.tgz",
          "integrity": "sha1-GMbTRAw16RsZs/9YK5FRq0mF1Pw=",
          "requires": {
            "optimist": "~0.3",
            "uglify-js": "~2.3"
          }
        },
        "mkdirp": {
          "version": "0.3.5",
          "resolved": "https://registry.npmjs.org/mkdirp/-/mkdirp-0.3.5.tgz",
          "integrity": "sha1-3j5fiWHIjHh+4TaN+EmsRBPsqNc="
        },
        "nopt": {
          "version": "2.1.2",
          "resolved": "https://registry.npmjs.org/nopt/-/nopt-2.1.2.tgz",
          "integrity": "sha1-bMzZd7gBMqB3MdbozljCyDA8+a8=",
          "requires": {
            "abbrev": "1"
          }
        },
        "resolve": {
          "version": "0.5.1",
          "resolved": "https://registry.npmjs.org/resolve/-/resolve-0.5.1.tgz",
          "integrity": "sha1-FeSiIsQja81M+FRUQSwtD7ZSRXY="
        },
        "uglify-js": {
          "version": "2.3.6",
          "resolved": "https://registry.npmjs.org/uglify-js/-/uglify-js-2.3.6.tgz",
          "integrity": "sha1-+gmEdwtCi3qbKoBY9GNV0U/vIRo=",
          "requires": {
            "async": "~0.2.6",
            "optimist": "~0.3.5",
            "source-map": "~0.1.7"
          }
        },
        "which": {
          "version": "1.0.9",
          "resolved": "https://registry.npmjs.org/which/-/which-1.0.9.tgz",
          "integrity": "sha1-RgwdoPgQED0DIam2M6+eV15kSG8="
        }
      }
    },
    "jshint": {
      "version": "0.9.1",
      "resolved": "https://registry.npmjs.org/jshint/-/jshint-0.9.1.tgz",
      "integrity": "sha1-/zLsfwn4QAH3SY7q/WPJ5Puy3A4=",
      "requires": {
        "cli": "0.4.3",
        "minimatch": "0.0.x"
      },
      "dependencies": {
        "cli": {
          "version": "0.4.3",
          "resolved": "https://registry.npmjs.org/cli/-/cli-0.4.3.tgz",
          "integrity": "sha1-5oGcjV+qlX9k+Y9mqFBiaMHR8X0=",
          "requires": {
            "glob": ">= 3.1.4"
          }
        },
        "minimatch": {
          "version": "0.0.5",
          "resolved": "https://registry.npmjs.org/minimatch/-/minimatch-0.0.5.tgz",
          "integrity": "sha1-lrtJC707poNrv6wRGt91MBsVhN4=",
          "requires": {
            "lru-cache": "~1.0.2"
          }
        }
      }
    },
    "jslint": {
      "version": "0.3.4",
      "resolved": "https://registry.npmjs.org/jslint/-/jslint-0.3.4.tgz",
      "integrity": "sha1-+3aKyN4GQfzFcMh8ofvSjik8jXU=",
      "requires": {
        "glob": "~3.2.8",
        "nopt": "~1.0.0"
      },
      "dependencies": {
        "nopt": {
          "version": "1.0.10",
          "resolved": "https://registry.npmjs.org/nopt/-/nopt-1.0.10.tgz",
          "integrity": "sha1-bd0hvSoxQXuScn3Vhfim83YI6+4=",
          "requires": {
            "abbrev": "1"
          }
        }
      }
    },
    "knox": {
      "version": "0.8.10",
      "resolved": "https://registry.npmjs.org/knox/-/knox-0.8.10.tgz",
      "integrity": "sha1-ai7c2sHSrjedHhmU1Vm5XCg7JYg=",
      "requires": {
        "debug": "~0.7.0",
        "mime": "*",
        "stream-counter": "~0.1.0",
        "xml2js": "0.2.x"
      }
    },
    "less": {
      "version": "1.3.3",
      "resolved": "https://registry.npmjs.org/less/-/less-1.3.3.tgz",
      "integrity": "sha1-fujzAKQQgPNUTIDHpwzfamEoDPk=",
      "requires": {
        "ycssmin": ">=1.0.1"
      }
    },
    "liftoff": {
      "version": "2.0.3",
      "resolved": "https://registry.npmjs.org/liftoff/-/liftoff-2.0.3.tgz",
      "integrity": "sha1-+6slNipQasKKPbDFXN6VYvvXBFY=",
      "requires": {
        "extend": "~2.0.0",
        "findup-sync": "~0.2.0",
        "flagged-respawn": "~0.3.0",
        "minimist": "~1.1.0",
        "resolve": "~1.1.0"
      },
      "dependencies": {
        "minimist": {
          "version": "1.1.3",
          "resolved": "https://registry.npmjs.org/minimist/-/minimist-1.1.3.tgz",
          "integrity": "sha1-O+39kaktOQFvz6ocaB6Pqhoe/ag="
        }
      }
    },
    "lru-cache": {
      "version": "1.0.6",
      "resolved": "https://registry.npmjs.org/lru-cache/-/lru-cache-1.0.6.tgz",
      "integrity": "sha1-qlD5cEdCKsclQ72hd6nJ0BjZhFI="
    },
    "mdl": {
      "version": "0.1.1",
      "resolved": "https://registry.npmjs.org/mdl/-/mdl-0.1.1.tgz",
      "integrity": "sha1-C6WVNP2jtkiTSPKZoafllJMBi08=",
      "requires": {
        "graceful-fs": ">=1.1.1",
        "mdl-master": "git+https://github.com/andrewnicols/mdl-sub.git#master",
        "minimatch": "~0.1.0",
        "yui": "3.9.1"
      },
      "dependencies": {
        "mdl-master": {
          "version": "git+https://github.com/andrewnicols/mdl-sub.git#9ffca250471b7548dfa76ffcc220179c41b47a3d",
          "from": "git+https://github.com/andrewnicols/mdl-sub.git#master",
          "requires": {
            "graceful-fs": ">=1.1.1",
            "minimatch": "~0.1.0",
            "shifter": "0.3.1",
            "yui": "3.9.1"
          }
        }
      }
    },
    "merge": {
      "version": "1.2.1",
      "resolved": "https://registry.npmjs.org/merge/-/merge-1.2.1.tgz",
      "integrity": "sha512-VjFo4P5Whtj4vsLzsYBu5ayHhoHJ0UqNm7ibvShmbmoz7tGi0vXaoJbGdB+GmDMLUdg8DpQXEIeVDAe8MaABvQ=="
    },
    "mime": {
      "version": "1.2.11",
      "resolved": "https://registry.npmjs.org/mime/-/mime-1.2.11.tgz",
      "integrity": "sha1-WCA+7Ybjpe8XrtK32evUfwpg3RA="
    },
    "minimatch": {
      "version": "0.1.5",
      "resolved": "https://registry.npmjs.org/minimatch/-/minimatch-0.1.5.tgz",
      "integrity": "sha1-t2LzEgZsu/5QRipoNgv8nKDMsbk=",
      "requires": {
        "lru-cache": "~1.0.5"
      }
    },
    "minimist": {
      "version": "0.1.0",
      "resolved": "https://registry.npmjs.org/minimist/-/minimist-0.1.0.tgz",
      "integrity": "sha1-md9lelJXTCHJBXSX33QnkLK0wN4="
    },
    "mkdirp": {
      "version": "1.0.4",
      "resolved": "https://registry.npmjs.org/mkdirp/-/mkdirp-1.0.4.tgz",
      "integrity": "sha512-vVqVZQyf3WLx2Shd0qJ9xuvqgAyKPLAiqITEtqW0oIUjzo3PePDd6fW9iFz30ef7Ysp/oiWqbhszeGWW2T6Gzw=="
    },
    "nopt": {
      "version": "5.0.0",
      "resolved": "https://registry.npmjs.org/nopt/-/nopt-5.0.0.tgz",
      "integrity": "sha512-Tbj67rffqceeLpcRXrT7vKAN8CwfPeIBgM7E6iBkmKLV7bEMwpGgYLGv0jACUsECaa/vuxP0IjEont6umdMgtQ==",
      "requires": {
        "abbrev": "1"
      }
    },
    "once": {
      "version": "1.4.0",
      "resolved": "https://registry.npmjs.org/once/-/once-1.4.0.tgz",
      "integrity": "sha1-WDsap3WWHUsROsF9nFC6753Xa9E=",
      "requires": {
        "wrappy": "1"
      }
    },
    "optimist": {
      "version": "0.3.7",
      "resolved": "https://registry.npmjs.org/optimist/-/optimist-0.3.7.tgz",
      "integrity": "sha1-yQlBrVnkJzMokjB00s8ufLxuwNk=",
      "requires": {
        "wordwrap": "~0.0.2"
      }
    },
    "parserlib": {
      "version": "0.2.5",
      "resolved": "https://registry.npmjs.org/parserlib/-/parserlib-0.2.5.tgz",
      "integrity": "sha1-hZB92GBaoGq7PdKV1QuyuPpN0Rc="
    },
    "path-is-absolute": {
      "version": "1.0.1",
      "resolved": "https://registry.npmjs.org/path-is-absolute/-/path-is-absolute-1.0.1.tgz",
      "integrity": "sha1-F0uSaHNVNP+8es5r9TpanhtcX18="
    },
    "peakle": {
      "version": "0.0.1",
      "resolved": "https://registry.npmjs.org/peakle/-/peakle-0.0.1.tgz",
      "integrity": "sha1-KGRF1qdzPxfcJzUB4uA5n0G4kOA="
    },
    "progress": {
      "version": "0.1.0",
      "resolved": "https://registry.npmjs.org/progress/-/progress-0.1.0.tgz",
      "integrity": "sha1-2+wMmfvC97liPhMxY75jYdXp5Ec="
    },
    "python-shell": {
      "version": "0.4.0",
      "resolved": "https://registry.npmjs.org/python-shell/-/python-shell-0.4.0.tgz",
      "integrity": "sha1-JZxUcNiFKSsi6QalewhfZRdS+VY="
    },
    "readable-stream": {
      "version": "1.1.14",
      "resolved": "https://registry.npmjs.org/readable-stream/-/readable-stream-1.1.14.tgz",
      "integrity": "sha1-fPTFTvZI44EwhMY23SB54WbAgdk=",
      "requires": {
        "core-util-is": "~1.0.0",
        "inherits": "~2.0.1",
        "isarray": "0.0.1",
        "string_decoder": "~0.10.x"
      }
    },
    "request": {
      "version": "2.12.0",
      "resolved": "https://registry.npmjs.org/request/-/request-2.12.0.tgz",
      "integrity": "sha1-EfRvILPQ9ISMY4OZHIB5CvFsjkg=",
      "requires": {
        "form-data": "~0.0.3",
        "mime": "~1.2.7"
      },
      "dependencies": {
        "form-data": {
          "version": "0.0.3",
          "bundled": true,
          "requires": {
            "async": "~0.1.9",
            "combined-stream": "0.0.3",
            "mime": "~1.2.2"
          },
          "dependencies": {
            "async": {
              "version": "0.1.9",
              "bundled": true
            },
            "combined-stream": {
              "version": "0.0.3",
              "bundled": true,
              "requires": {
                "delayed-stream": "0.0.5"
              },
              "dependencies": {
                "delayed-stream": {
                  "version": "0.0.5",
                  "bundled": true
                }
              }
            }
          }
        },
        "mime": {
          "version": "1.2.7",
          "bundled": true
        }
      }
    },
    "resolve": {
      "version": "1.1.7",
      "resolved": "https://registry.npmjs.org/resolve/-/resolve-1.1.7.tgz",
      "integrity": "sha1-IDEU2CrSxe2ejgQRs5ModeiJ6Xs="
    },
    "rimraf": {
      "version": "3.0.2",
      "resolved": "https://registry.npmjs.org/rimraf/-/rimraf-3.0.2.tgz",
      "integrity": "sha512-JZkJMZkAGFFPP2YqXZXPbMlMBgsxzE8ILs4lMIX/2o0L9UBw9O/Y3o6wFw/i9YLapcUJWwqbi3kdxIPdC62TIA==",
      "requires": {
        "glob": "^7.1.3"
      },
      "dependencies": {
        "glob": {
          "version": "7.1.6",
          "resolved": "https://registry.npmjs.org/glob/-/glob-7.1.6.tgz",
          "integrity": "sha512-LwaxwyZ72Lk7vZINtNNrywX0ZuLyStrdDtabefZKAY5ZGJhVtgdznluResxNmPitE0SAO+O26sWTHeKSI2wMBA==",
          "requires": {
            "fs.realpath": "^1.0.0",
            "inflight": "^1.0.4",
            "inherits": "2",
            "minimatch": "^3.0.4",
            "once": "^1.3.0",
            "path-is-absolute": "^1.0.0"
          }
        },
        "minimatch": {
          "version": "3.0.4",
          "resolved": "https://registry.npmjs.org/minimatch/-/minimatch-3.0.4.tgz",
          "integrity": "sha512-yJHVQEhyqPLUTgt9B83PXu6W3rx4MvvHvSUvToogpwoGDOUQ+yDrR0HRot+yOCdCO7u4hX3pWft6kWBBcqh0UA==",
          "requires": {
            "brace-expansion": "^1.1.7"
          }
        }
      }
    },
    "sax": {
      "version": "0.5.8",
      "resolved": "https://registry.npmjs.org/sax/-/sax-0.5.8.tgz",
      "integrity": "sha1-1HLbIo6zMcJQaw6MFVJK25OdEsE="
    },
    "shelljs": {
      "version": "0.3.0",
      "resolved": "https://registry.npmjs.org/shelljs/-/shelljs-0.3.0.tgz",
      "integrity": "sha1-NZbmMHp4FUT1kfN9phg2DzHbV7E="
    },
    "shifter": {
      "version": "0.3.1",
      "resolved": "https://registry.npmjs.org/shifter/-/shifter-0.3.1.tgz",
      "integrity": "sha1-iW20R8KkrixEN1Sf0y9J0C4C8gU=",
      "requires": {
        "ansi-color": "*",
        "cpr": "~0.0.6",
        "cssproc": "~0.0.1",
        "gear": "~0.7.0",
        "gear-lib": "~0.8.0",
        "istanbul": "~0.1.8",
        "jshint": "~0.9.0",
        "mkdirp": "*",
        "nopt": "*",
        "progress": "~0.1.0",
        "rimraf": "*",
        "timethat": "~0.0.1",
        "walkdir": "~0.0.5",
        "watch": "*",
        "which": "*",
        "yuglify": "~0.1.0",
        "yui-lint": "~0.1.1",
        "yuicompressor": "2.4.7",
        "yuitest-coverage": ">=0.0.5"
      }
    },
    "sigmund": {
      "version": "1.0.1",
      "resolved": "https://registry.npmjs.org/sigmund/-/sigmund-1.0.1.tgz",
      "integrity": "sha1-P/IfGYytIXX587eBhT/ZTQ0ZtZA="
    },
    "source-map": {
      "version": "0.1.43",
      "resolved": "https://registry.npmjs.org/source-map/-/source-map-0.1.43.tgz",
      "integrity": "sha1-wkvBRspRfBRx9drL4lcbK3+eM0Y=",
      "requires": {
        "amdefine": ">=0.0.4"
      }
    },
    "stream-counter": {
      "version": "0.1.0",
      "resolved": "https://registry.npmjs.org/stream-counter/-/stream-counter-0.1.0.tgz",
      "integrity": "sha1-oDXkKTYftX82Fgbhf82Ki5Z3Mns=",
      "requires": {
        "readable-stream": "~1.0.2"
      },
      "dependencies": {
        "readable-stream": {
          "version": "1.0.34",
          "resolved": "https://registry.npmjs.org/readable-stream/-/readable-stream-1.0.34.tgz",
          "integrity": "sha1-Elgg40vIQtLyqq+v5MKRbuMsFXw=",
          "requires": {
            "core-util-is": "~1.0.0",
            "inherits": "~2.0.1",
            "isarray": "0.0.1",
            "string_decoder": "~0.10.x"
          }
        }
      }
    },
    "string_decoder": {
      "version": "0.10.31",
      "resolved": "https://registry.npmjs.org/string_decoder/-/string_decoder-0.10.31.tgz",
      "integrity": "sha1-YuIDvEF2bGwoyfyEMB2rHFMQ+pQ="
    },
    "strip-json-comments": {
      "version": "1.0.4",
      "resolved": "https://registry.npmjs.org/strip-json-comments/-/strip-json-comments-1.0.4.tgz",
      "integrity": "sha1-HhX7ysl9Pumb8tc7TGVrCCu6+5E="
    },
    "timethat": {
      "version": "0.0.3",
      "resolved": "https://registry.npmjs.org/timethat/-/timethat-0.0.3.tgz",
      "integrity": "sha1-OoRUYguF5vnLS2f43TTciA1JrtA="
    },
    "uglify-js": {
      "version": "1.3.5",
      "resolved": "https://registry.npmjs.org/uglify-js/-/uglify-js-1.3.5.tgz",
      "integrity": "sha1-S1v/+Rhu/7qoiOTJ6UvZ/EyUkp0="
    },
    "underscore": {
      "version": "1.6.0",
      "resolved": "https://registry.npmjs.org/underscore/-/underscore-1.6.0.tgz",
      "integrity": "sha1-izixDKze9jM3uLJOT/htRa6lKag="
    },
    "walkdir": {
      "version": "0.0.12",
      "resolved": "https://registry.npmjs.org/walkdir/-/walkdir-0.0.12.tgz",
      "integrity": "sha512-HFhaD4mMWPzFSqhpyDG48KDdrjfn409YQuVW7ckZYhW4sE87mYtWifdB/+73RA7+p4s4K18n5Jfx1kHthE1gBw=="
    },
    "watch": {
      "version": "1.0.2",
      "resolved": "https://registry.npmjs.org/watch/-/watch-1.0.2.tgz",
      "integrity": "sha1-NApxe952Vyb6CqB9ch4BR6VR3ww=",
      "requires": {
        "exec-sh": "^0.2.0",
        "minimist": "^1.2.0"
      },
      "dependencies": {
        "minimist": {
          "version": "1.2.5",
          "resolved": "https://registry.npmjs.org/minimist/-/minimist-1.2.5.tgz",
          "integrity": "sha512-FM9nNUYrRBAELZQT3xeZQ7fmMOBg6nWNmJKTcgsJeaLstP/UODVpGsr5OhXhhXg6f+qtJ8uiZ+PUxkDWcgIXLw=="
        }
      }
    },
    "which": {
      "version": "2.0.2",
      "resolved": "https://registry.npmjs.org/which/-/which-2.0.2.tgz",
      "integrity": "sha512-BLI3Tl1TW3Pvl70l3yq3Y64i+awpwXqsGBYWkkqMtnbXgrMD+yj7rhW0kuEDxzJaYXGjEW5ogapKNMEKNMjibA==",
      "requires": {
        "isexe": "^2.0.0"
      }
    },
    "wordwrap": {
      "version": "0.0.3",
      "resolved": "https://registry.npmjs.org/wordwrap/-/wordwrap-0.0.3.tgz",
      "integrity": "sha1-o9XabNXAvAAI03I0u68b7WMFkQc="
    },
    "wrappy": {
      "version": "1.0.2",
      "resolved": "https://registry.npmjs.org/wrappy/-/wrappy-1.0.2.tgz",
      "integrity": "sha1-tSQ9jz7BqjXxNkYFvA0QNuMKtp8="
    },
    "xml2js": {
      "version": "0.2.8",
      "resolved": "https://registry.npmjs.org/xml2js/-/xml2js-0.2.8.tgz",
      "integrity": "sha1-m4FpCTFjH/CdGVdUn69U9PmAs8I=",
      "requires": {
        "sax": "0.5.x"
      }
    },
    "ycssmin": {
      "version": "1.0.1",
      "resolved": "https://registry.npmjs.org/ycssmin/-/ycssmin-1.0.1.tgz",
      "integrity": "sha1-fN3o23jPqwDSkBw7IwHjBPr03xY="
    },
    "yuglify": {
      "version": "0.1.4",
      "resolved": "https://registry.npmjs.org/yuglify/-/yuglify-0.1.4.tgz",
      "integrity": "sha1-cm1eSvgQ90HvIYZfb5VMQHijpF8=",
      "requires": {
        "nopt": "~2.1.1",
        "uglify-js": "~1.3.4",
        "ycssmin": "~1.0.1"
      },
      "dependencies": {
        "nopt": {
          "version": "2.1.2",
          "resolved": "https://registry.npmjs.org/nopt/-/nopt-2.1.2.tgz",
          "integrity": "sha1-bMzZd7gBMqB3MdbozljCyDA8+a8=",
          "requires": {
            "abbrev": "1"
          }
        }
      }
    },
    "yui": {
      "version": "3.9.1",
      "resolved": "https://registry.npmjs.org/yui/-/yui-3.9.1.tgz",
      "integrity": "sha1-OJtzBIxKOn+mx7VpSC08vtyGShk=",
      "requires": {
        "request": "~2.12.0"
      }
    },
    "yui-lint": {
      "version": "0.1.4",
      "resolved": "https://registry.npmjs.org/yui-lint/-/yui-lint-0.1.4.tgz",
      "integrity": "sha1-t3sVLkOzjnMAyGLzvj9NTPltmoY=",
      "requires": {
        "jshint": "~1.1.0"
      },
      "dependencies": {
        "cli": {
          "version": "0.4.5",
          "resolved": "https://registry.npmjs.org/cli/-/cli-0.4.5.tgz",
          "integrity": "sha1-ePlIXNFhtWbppsctcXDEJw6B22E=",
          "requires": {
            "glob": ">= 3.1.4"
          }
        },
        "esprima": {
          "version": "https://github.com/ariya/esprima/tarball/master",
          "integrity": "sha512-HHFp26bqJSzNCxQ7vXiwodN1MpMUdpRt58OY+huj5Fff8vlhpnmvGWtYt0CS1QfWpSorQ7c/8ry8O9TRjuOvMQ=="
        },
        "jshint": {
          "version": "1.1.0",
          "resolved": "https://registry.npmjs.org/jshint/-/jshint-1.1.0.tgz",
          "integrity": "sha1-mYe5C4YFVsvH84DVdVoj1QQhNRM=",
          "requires": {
            "cli": "0.4.x",
            "esprima": "https://github.com/ariya/esprima/tarball/master",
            "minimatch": "0.x.x",
            "peakle": "0.0.x",
            "shelljs": "0.1.x",
            "underscore": "1.4.x"
          }
        },
        "shelljs": {
          "version": "0.1.4",
          "resolved": "https://registry.npmjs.org/shelljs/-/shelljs-0.1.4.tgz",
          "integrity": "sha1-37vnjVbDwBaNL7eeEOzR28sH7A4="
        },
        "underscore": {
          "version": "1.4.4",
          "resolved": "https://registry.npmjs.org/underscore/-/underscore-1.4.4.tgz",
          "integrity": "sha1-YaajIBBiKvoHljvzJSA88SI51gQ="
        }
      }
    },
    "yuicompressor": {
      "version": "2.4.7",
      "resolved": "https://registry.npmjs.org/yuicompressor/-/yuicompressor-2.4.7.tgz",
      "integrity": "sha1-GAyheDRsb+MrbuilCyrrV+TUWEQ="
    },
    "yuitest-coverage": {
      "version": "0.0.6",
      "resolved": "https://registry.npmjs.org/yuitest-coverage/-/yuitest-coverage-0.0.6.tgz",
      "integrity": "sha1-+DnXLTStIzZxlDfKvK5ahcO/XKg="
    }
  }
}
