// !$*UTF8*$!
{
	archiveVersion = 1;
	classes = {
	};
	objectVersion = 50;
	objects = {

/* Begin PBXBuildFile section */
		6909EBAB22258611001458D2 /* Match.cpp in Sources */ = {isa = PBXBuildFile; fileRef = 6909EBA922258611001458D2 /* Match.cpp */; };
		695F4867222440B90058E057 /* SetReplace.cpp in Sources */ = {isa = PBXBuildFile; fileRef = 695F4866222440B90058E057 /* SetReplace.cpp */; };
		695F4870222443F20058E057 /* Set.cpp in Sources */ = {isa = PBXBuildFile; fileRef = 695F486E222443F20058E057 /* Set.cpp */; };
/* End PBXBuildFile section */

/* Begin PBXCopyFilesBuildPhase section */
		695F4861222440B90058E057 /* CopyFiles */ = {
			isa = PBXCopyFilesBuildPhase;
			buildActionMask = 2147483647;
			dstPath = /usr/share/man/man1/;
			dstSubfolderSpec = 0;
			files = (
			);
			runOnlyForDeploymentPostprocessing = 1;
		};
/* End PBXCopyFilesBuildPhase section */

/* Begin PBXFileReference section */
		6909EBA922258611001458D2 /* Match.cpp */ = {isa = PBXFileReference; lastKnownFileType = sourcecode.cpp.cpp; path = Match.cpp; sourceTree = "<group>"; };
		6909EBAA22258611001458D2 /* Match.hpp */ = {isa = PBXFileReference; lastKnownFileType = sourcecode.cpp.h; path = Match.hpp; sourceTree = "<group>"; };
		695F4863222440B90058E057 /* SetReplace */ = {isa = PBXFileReference; explicitFileType = "compiled.mach-o.executable"; includeInIndex = 0; path = SetReplace; sourceTree = BUILT_PRODUCTS_DIR; };
		695F4866222440B90058E057 /* SetReplace.cpp */ = {isa = PBXFileReference; lastKnownFileType = sourcecode.cpp.cpp; path = SetReplace.cpp; sourceTree = "<group>"; };
		695F486E222443F20058E057 /* Set.cpp */ = {isa = PBXFileReference; lastKnownFileType = sourcecode.cpp.cpp; path = Set.cpp; sourceTree = "<group>"; };
		695F486F222443F20058E057 /* Set.hpp */ = {isa = PBXFileReference; lastKnownFileType = sourcecode.cpp.h; path = Set.hpp; sourceTree = "<group>"; };
		69B2D41122244AFC008778A3 /* Expression.hpp */ = {isa = PBXFileReference; lastKnownFileType = sourcecode.cpp.h; path = Expression.hpp; sourceTree = "<group>"; };
		69B2D41422244D1F008778A3 /* Rule.hpp */ = {isa = PBXFileReference; lastKnownFileType = sourcecode.cpp.h; path = Rule.hpp; sourceTree = "<group>"; };
/* End PBXFileReference section */

/* Begin PBXFrameworksBuildPhase section */
		695F4860222440B90058E057 /* Frameworks */ = {
			isa = PBXFrameworksBuildPhase;
			buildActionMask = 2147483647;
			files = (
			);
			runOnlyForDeploymentPostprocessing = 0;
		};
/* End PBXFrameworksBuildPhase section */

/* Begin PBXGroup section */
		695F485A222440B90058E057 = {
			isa = PBXGroup;
			children = (
				695F4865222440B90058E057 /* SetReplace */,
				695F4864222440B90058E057 /* Products */,
			);
			sourceTree = "<group>";
		};
		695F4864222440B90058E057 /* Products */ = {
			isa = PBXGroup;
			children = (
				695F4863222440B90058E057 /* SetReplace */,
			);
			name = Products;
			sourceTree = "<group>";
		};
		695F4865222440B90058E057 /* SetReplace */ = {
			isa = PBXGroup;
			children = (
				69B2D41122244AFC008778A3 /* Expression.hpp */,
				6909EBA922258611001458D2 /* Match.cpp */,
				6909EBAA22258611001458D2 /* Match.hpp */,
				69B2D41422244D1F008778A3 /* Rule.hpp */,
				695F486E222443F20058E057 /* Set.cpp */,
				695F486F222443F20058E057 /* Set.hpp */,
				695F4866222440B90058E057 /* SetReplace.cpp */,
			);
			path = SetReplace;
			sourceTree = "<group>";
		};
/* End PBXGroup section */

/* Begin PBXNativeTarget section */
		695F4862222440B90058E057 /* SetReplace */ = {
			isa = PBXNativeTarget;
			buildConfigurationList = 695F486A222440B90058E057 /* Build configuration list for PBXNativeTarget "SetReplace" */;
			buildPhases = (
				695F485F222440B90058E057 /* Sources */,
				695F4860222440B90058E057 /* Frameworks */,
				695F4861222440B90058E057 /* CopyFiles */,
			);
			buildRules = (
			);
			dependencies = (
			);
			name = SetReplace;
			productName = SetReplace;
			productReference = 695F4863222440B90058E057 /* SetReplace */;
			productType = "com.apple.product-type.tool";
		};
/* End PBXNativeTarget section */

/* Begin PBXProject section */
		695F485B222440B90058E057 /* Project object */ = {
			isa = PBXProject;
			attributes = {
				LastUpgradeCheck = 1010;
				ORGANIZATIONNAME = maxitg;
				TargetAttributes = {
					695F4862222440B90058E057 = {
						CreatedOnToolsVersion = 10.1;
					};
				};
			};
			buildConfigurationList = 695F485E222440B90058E057 /* Build configuration list for PBXProject "SetReplace" */;
			compatibilityVersion = "Xcode 9.3";
			developmentRegion = en;
			hasScannedForEncodings = 0;
			knownRegions = (
				en,
			);
			mainGroup = 695F485A222440B90058E057;
			productRefGroup = 695F4864222440B90058E057 /* Products */;
			projectDirPath = "";
			projectRoot = "";
			targets = (
				695F4862222440B90058E057 /* SetReplace */,
			);
		};
/* End PBXProject section */

/* Begin PBXSourcesBuildPhase section */
		695F485F222440B90058E057 /* Sources */ = {
			isa = PBXSourcesBuildPhase;
			buildActionMask = 2147483647;
			files = (
				695F4870222443F20058E057 /* Set.cpp in Sources */,
				6909EBAB22258611001458D2 /* Match.cpp in Sources */,
				695F4867222440B90058E057 /* SetReplace.cpp in Sources */,
			);
			runOnlyForDeploymentPostprocessing = 0;
		};
/* End PBXSourcesBuildPhase section */

/* Begin XCBuildConfiguration section */
		695F4868222440B90058E057 /* Debug */ = {
			isa = XCBuildConfiguration;
			buildSettings = {
				ALWAYS_SEARCH_USER_PATHS = NO;
				CLANG_ANALYZER_NONNULL = YES;
				CLANG_ANALYZER_NUMBER_OBJECT_CONVERSION = YES_AGGRESSIVE;
				CLANG_CXX_LANGUAGE_STANDARD = "gnu++14";
				CLANG_CXX_LIBRARY = "libc++";
				CLANG_ENABLE_MODULES = YES;
				CLANG_ENABLE_OBJC_ARC = YES;
				CLANG_ENABLE_OBJC_WEAK = YES;
				CLANG_WARN_BLOCK_CAPTURE_AUTORELEASING = YES;
				CLANG_WARN_BOOL_CONVERSION = YES;
				CLANG_WARN_COMMA = YES;
				CLANG_WARN_CONSTANT_CONVERSION = YES;
				CLANG_WARN_DEPRECATED_OBJC_IMPLEMENTATIONS = YES;
				CLANG_WARN_DIRECT_OBJC_ISA_USAGE = YES_ERROR;
				CLANG_WARN_DOCUMENTATION_COMMENTS = YES;
				CLANG_WARN_EMPTY_BODY = YES;
				CLANG_WARN_ENUM_CONVERSION = YES;
				CLANG_WARN_INFINITE_RECURSION = YES;
				CLANG_WARN_INT_CONVERSION = YES;
				CLANG_WARN_NON_LITERAL_NULL_CONVERSION = YES;
				CLANG_WARN_OBJC_IMPLICIT_RETAIN_SELF = YES;
				CLANG_WARN_OBJC_LITERAL_CONVERSION = YES;
				CLANG_WARN_OBJC_ROOT_CLASS = YES_ERROR;
				CLANG_WARN_RANGE_LOOP_ANALYSIS = YES;
				CLANG_WARN_STRICT_PROTOTYPES = YES;
				CLANG_WARN_SUSPICIOUS_MOVE = YES;
				CLANG_WARN_UNGUARDED_AVAILABILITY = YES_AGGRESSIVE;
				CLANG_WARN_UNREACHABLE_CODE = YES;
				CLANG_WARN__DUPLICATE_METHOD_MATCH = YES;
				CODE_SIGN_IDENTITY = "Mac Developer";
				COPY_PHASE_STRIP = NO;
				DEBUG_INFORMATION_FORMAT = dwarf;
				ENABLE_STRICT_OBJC_MSGSEND = YES;
				ENABLE_TESTABILITY = YES;
				GCC_C_LANGUAGE_STANDARD = gnu11;
				GCC_DYNAMIC_NO_PIC = NO;
				GCC_NO_COMMON_BLOCKS = YES;
				GCC_OPTIMIZATION_LEVEL = 0;
				GCC_PREPROCESSOR_DEFINITIONS = (
					"DEBUG=1",
					"$(inherited)",
				);
				GCC_WARN_64_TO_32_BIT_CONVERSION = YES;
				GCC_WARN_ABOUT_RETURN_TYPE = YES_ERROR;
				GCC_WARN_UNDECLARED_SELECTOR = YES;
				GCC_WARN_UNINITIALIZED_AUTOS = YES_AGGRESSIVE;
				GCC_WARN_UNUSED_FUNCTION = YES;
				GCC_WARN_UNUSED_VARIABLE = YES;
				MACOSX_DEPLOYMENT_TARGET = 10.14;
				MTL_ENABLE_DEBUG_INFO = INCLUDE_SOURCE;
				MTL_FAST_MATH = YES;
				ONLY_ACTIVE_ARCH = YES;
				SDKROOT = macosx;
			};
			name = Debug;
		};
		695F4869222440B90058E057 /* Release */ = {
			isa = XCBuildConfiguration;
			buildSettings = {
				ALWAYS_SEARCH_USER_PATHS = NO;
				CLANG_ANALYZER_NONNULL = YES;
				CLANG_ANALYZER_NUMBER_OBJECT_CONVERSION = YES_AGGRESSIVE;
				CLANG_CXX_LANGUAGE_STANDARD = "gnu++14";
				CLANG_CXX_LIBRARY = "libc++";
				CLANG_ENABLE_MODULES = YES;
				CLANG_ENABLE_OBJC_ARC = YES;
				CLANG_ENABLE_OBJC_WEAK = YES;
				CLANG_WARN_BLOCK_CAPTURE_AUTORELEASING = YES;
				CLANG_WARN_BOOL_CONVERSION = YES;
				CLANG_WARN_COMMA = YES;
				CLANG_WARN_CONSTANT_CONVERSION = YES;
				CLANG_WARN_DEPRECATED_OBJC_IMPLEMENTATIONS = YES;
				CLANG_WARN_DIRECT_OBJC_ISA_USAGE = YES_ERROR;
				CLANG_WARN_DOCUMENTATION_COMMENTS = YES;
				CLANG_WARN_EMPTY_BODY = YES;
				CLANG_WARN_ENUM_CONVERSION = YES;
				CLANG_WARN_INFINITE_RECURSION = YES;
				CLANG_WARN_INT_CONVERSION = YES;
				CLANG_WARN_NON_LITERAL_NULL_CONVERSION = YES;
				CLANG_WARN_OBJC_IMPLICIT_RETAIN_SELF = YES;
				CLANG_WARN_OBJC_LITERAL_CONVERSION = YES;
				CLANG_WARN_OBJC_ROOT_CLASS = YES_ERROR;
				CLANG_WARN_RANGE_LOOP_ANALYSIS = YES;
				CLANG_WARN_STRICT_PROTOTYPES = YES;
				CLANG_WARN_SUSPICIOUS_MOVE = YES;
				CLANG_WARN_UNGUARDED_AVAILABILITY = YES_AGGRESSIVE;
				CLANG_WARN_UNREACHABLE_CODE = YES;
				CLANG_WARN__DUPLICATE_METHOD_MATCH = YES;
				CODE_SIGN_IDENTITY = "Mac Developer";
				COPY_PHASE_STRIP = NO;
				DEBUG_INFORMATION_FORMAT = "dwarf-with-dsym";
				ENABLE_NS_ASSERTIONS = NO;
				ENABLE_STRICT_OBJC_MSGSEND = YES;
				GCC_C_LANGUAGE_STANDARD = gnu11;
				GCC_NO_COMMON_BLOCKS = YES;
				GCC_WARN_64_TO_32_BIT_CONVERSION = YES;
				GCC_WARN_ABOUT_RETURN_TYPE = YES_ERROR;
				GCC_WARN_UNDECLARED_SELECTOR = YES;
				GCC_WARN_UNINITIALIZED_AUTOS = YES_AGGRESSIVE;
				GCC_WARN_UNUSED_FUNCTION = YES;
				GCC_WARN_UNUSED_VARIABLE = YES;
				MACOSX_DEPLOYMENT_TARGET = 10.14;
				MTL_ENABLE_DEBUG_INFO = NO;
				MTL_FAST_MATH = YES;
				SDKROOT = macosx;
			};
			name = Release;
		};
		695F486B222440B90058E057 /* Debug */ = {
			isa = XCBuildConfiguration;
			buildSettings = {
				CODE_SIGN_STYLE = Automatic;
				DEVELOPMENT_TEAM = 4FZCW36HH2;
				PRODUCT_NAME = "$(TARGET_NAME)";
			};
			name = Debug;
		};
		695F486C222440B90058E057 /* Release */ = {
			isa = XCBuildConfiguration;
			buildSettings = {
				CODE_SIGN_STYLE = Automatic;
				DEVELOPMENT_TEAM = 4FZCW36HH2;
				PRODUCT_NAME = "$(TARGET_NAME)";
			};
			name = Release;
		};
/* End XCBuildConfiguration section */

/* Begin XCConfigurationList section */
		695F485E222440B90058E057 /* Build configuration list for PBXProject "SetReplace" */ = {
			isa = XCConfigurationList;
			buildConfigurations = (
				695F4868222440B90058E057 /* Debug */,
				695F4869222440B90058E057 /* Release */,
			);
			defaultConfigurationIsVisible = 0;
			defaultConfigurationName = Release;
		};
		695F486A222440B90058E057 /* Build configuration list for PBXNativeTarget "SetReplace" */ = {
			isa = XCConfigurationList;
			buildConfigurations = (
				695F486B222440B90058E057 /* Debug */,
				695F486C222440B90058E057 /* Release */,
			);
			defaultConfigurationIsVisible = 0;
			defaultConfigurationName = Release;
		};
/* End XCConfigurationList section */
	};
	rootObject = 695F485B222440B90058E057 /* Project object */;
}
