// !$*UTF8*$!
{
	archiveVersion = 1;
	classes = {
	};
	objectVersion = 50;
	objects = {

/* Begin PBXBuildFile section */
		691C67D42486A44100BC0D82 /* Event.cpp in Sources */ = {isa = PBXBuildFile; fileRef = 691C67D22486A44100BC0D82 /* Event.cpp */; };
		691C67D52486A44100BC0D82 /* Event.hpp in Headers */ = {isa = PBXBuildFile; fileRef = 691C67D32486A44100BC0D82 /* Event.hpp */; };
		6961A1D623184ABC009461C8 /* Expression.cpp in Sources */ = {isa = PBXBuildFile; fileRef = 6961A1D523184ABC009461C8 /* Expression.cpp */; };
		69CAF86D2257B162006F9C60 /* Match.cpp in Sources */ = {isa = PBXBuildFile; fileRef = 6909EBA922258611001458D2 /* Match.cpp */; };
		69CAF86E2257B162006F9C60 /* Set.cpp in Sources */ = {isa = PBXBuildFile; fileRef = 695F486E222443F20058E057 /* Set.cpp */; };
		69CAF86F2257B1CB006F9C60 /* Expression.hpp in Headers */ = {isa = PBXBuildFile; fileRef = 69B2D41122244AFC008778A3 /* Expression.hpp */; settings = {ATTRIBUTES = (Private, ); }; };
		69CAF8702257B1CE006F9C60 /* Match.hpp in Headers */ = {isa = PBXBuildFile; fileRef = 6909EBAA22258611001458D2 /* Match.hpp */; settings = {ATTRIBUTES = (Private, ); }; };
		69CAF8712257B1D0006F9C60 /* Rule.hpp in Headers */ = {isa = PBXBuildFile; fileRef = 69B2D41422244D1F008778A3 /* Rule.hpp */; settings = {ATTRIBUTES = (Private, ); }; };
		69CAF8722257B1D2006F9C60 /* Set.hpp in Headers */ = {isa = PBXBuildFile; fileRef = 695F486F222443F20058E057 /* Set.hpp */; settings = {ATTRIBUTES = (Private, ); }; };
		69CAF8762257B23B006F9C60 /* SetReplace.hpp in Headers */ = {isa = PBXBuildFile; fileRef = 69CAF8742257B23B006F9C60 /* SetReplace.hpp */; settings = {ATTRIBUTES = (Public, ); }; };
		69CB70E0231C245400488D26 /* SetReplace.cpp in Sources */ = {isa = PBXBuildFile; fileRef = 69CAF8732257B23B006F9C60 /* SetReplace.cpp */; };
		69ED0F4123170D5D0014A48E /* IDTypes.hpp in Headers */ = {isa = PBXBuildFile; fileRef = 69ED0F4023170D5D0014A48E /* IDTypes.hpp */; settings = {ATTRIBUTES = (Private, ); }; };
/* End PBXBuildFile section */

/* Begin PBXFileReference section */
		6909EBA922258611001458D2 /* Match.cpp */ = {isa = PBXFileReference; lastKnownFileType = sourcecode.cpp.cpp; path = Match.cpp; sourceTree = "<group>"; };
		6909EBAA22258611001458D2 /* Match.hpp */ = {isa = PBXFileReference; lastKnownFileType = sourcecode.cpp.h; path = Match.hpp; sourceTree = "<group>"; };
		691C67D22486A44100BC0D82 /* Event.cpp */ = {isa = PBXFileReference; lastKnownFileType = sourcecode.cpp.cpp; path = Event.cpp; sourceTree = "<group>"; };
		691C67D32486A44100BC0D82 /* Event.hpp */ = {isa = PBXFileReference; lastKnownFileType = sourcecode.cpp.h; path = Event.hpp; sourceTree = "<group>"; };
		691E077A2471CED500D2BDD5 /* CMakeLists.txt */ = {isa = PBXFileReference; lastKnownFileType = text; path = CMakeLists.txt; sourceTree = "<group>"; };
		691E077C2471D1DD00D2BDD5 /* Set_test.cpp */ = {isa = PBXFileReference; lastKnownFileType = sourcecode.cpp.cpp; path = Set_test.cpp; sourceTree = "<group>"; };
		695F486E222443F20058E057 /* Set.cpp */ = {isa = PBXFileReference; lastKnownFileType = sourcecode.cpp.cpp; path = Set.cpp; sourceTree = "<group>"; };
		695F486F222443F20058E057 /* Set.hpp */ = {isa = PBXFileReference; lastKnownFileType = sourcecode.cpp.h; path = Set.hpp; sourceTree = "<group>"; };
		6961A1D523184ABC009461C8 /* Expression.cpp */ = {isa = PBXFileReference; lastKnownFileType = sourcecode.cpp.cpp; path = Expression.cpp; sourceTree = "<group>"; };
		69B2D41122244AFC008778A3 /* Expression.hpp */ = {isa = PBXFileReference; lastKnownFileType = sourcecode.cpp.h; path = Expression.hpp; sourceTree = "<group>"; };
		69B2D41422244D1F008778A3 /* Rule.hpp */ = {isa = PBXFileReference; lastKnownFileType = sourcecode.cpp.h; path = Rule.hpp; sourceTree = "<group>"; };
		69CAF8682257B062006F9C60 /* libSetReplace.dylib */ = {isa = PBXFileReference; explicitFileType = "compiled.mach-o.dylib"; includeInIndex = 0; path = libSetReplace.dylib; sourceTree = BUILT_PRODUCTS_DIR; };
		69CAF8732257B23B006F9C60 /* SetReplace.cpp */ = {isa = PBXFileReference; lastKnownFileType = sourcecode.cpp.cpp; path = SetReplace.cpp; sourceTree = "<group>"; };
		69CAF8742257B23B006F9C60 /* SetReplace.hpp */ = {isa = PBXFileReference; lastKnownFileType = sourcecode.cpp.h; path = SetReplace.hpp; sourceTree = "<group>"; };
		69ED0F4023170D5D0014A48E /* IDTypes.hpp */ = {isa = PBXFileReference; lastKnownFileType = sourcecode.cpp.h; path = IDTypes.hpp; sourceTree = "<group>"; };
/* End PBXFileReference section */

/* Begin PBXFrameworksBuildPhase section */
		69CAF8662257B062006F9C60 /* Frameworks */ = {
			isa = PBXFrameworksBuildPhase;
			buildActionMask = 2147483647;
			files = (
			);
			runOnlyForDeploymentPostprocessing = 0;
		};
/* End PBXFrameworksBuildPhase section */

/* Begin PBXGroup section */
		691E07792471CED500D2BDD5 /* test */ = {
			isa = PBXGroup;
			children = (
				691E077A2471CED500D2BDD5 /* CMakeLists.txt */,
				691E077C2471D1DD00D2BDD5 /* Set_test.cpp */,
			);
			path = test;
			sourceTree = "<group>";
		};
		695F485A222440B90058E057 = {
			isa = PBXGroup;
			children = (
				695F4865222440B90058E057 /* libSetReplace */,
				695F4864222440B90058E057 /* Products */,
			);
			sourceTree = "<group>";
		};
		695F4864222440B90058E057 /* Products */ = {
			isa = PBXGroup;
			children = (
				69CAF8682257B062006F9C60 /* libSetReplace.dylib */,
			);
			name = Products;
			sourceTree = "<group>";
		};
		695F4865222440B90058E057 /* libSetReplace */ = {
			isa = PBXGroup;
			children = (
				691C67D32486A44100BC0D82 /* Event.hpp */,
				691C67D22486A44100BC0D82 /* Event.cpp */,
				69B2D41122244AFC008778A3 /* Expression.hpp */,
				6961A1D523184ABC009461C8 /* Expression.cpp */,
				69ED0F4023170D5D0014A48E /* IDTypes.hpp */,
				6909EBAA22258611001458D2 /* Match.hpp */,
				6909EBA922258611001458D2 /* Match.cpp */,
				69B2D41422244D1F008778A3 /* Rule.hpp */,
				695F486F222443F20058E057 /* Set.hpp */,
				695F486E222443F20058E057 /* Set.cpp */,
				69CAF8742257B23B006F9C60 /* SetReplace.hpp */,
				69CAF8732257B23B006F9C60 /* SetReplace.cpp */,
				691E07792471CED500D2BDD5 /* test */,
			);
			path = libSetReplace;
			sourceTree = "<group>";
		};
/* End PBXGroup section */

/* Begin PBXHeadersBuildPhase section */
		69CAF8642257B062006F9C60 /* Headers */ = {
			isa = PBXHeadersBuildPhase;
			buildActionMask = 2147483647;
			files = (
				69CAF8762257B23B006F9C60 /* SetReplace.hpp in Headers */,
				69CAF86F2257B1CB006F9C60 /* Expression.hpp in Headers */,
				69CAF8702257B1CE006F9C60 /* Match.hpp in Headers */,
				69CAF8712257B1D0006F9C60 /* Rule.hpp in Headers */,
				69CAF8722257B1D2006F9C60 /* Set.hpp in Headers */,
				691C67D52486A44100BC0D82 /* Event.hpp in Headers */,
				69ED0F4123170D5D0014A48E /* IDTypes.hpp in Headers */,
			);
			runOnlyForDeploymentPostprocessing = 0;
		};
/* End PBXHeadersBuildPhase section */

/* Begin PBXNativeTarget section */
		69CAF8672257B062006F9C60 /* SetReplace */ = {
			isa = PBXNativeTarget;
			buildConfigurationList = 69CAF8692257B062006F9C60 /* Build configuration list for PBXNativeTarget "SetReplace" */;
			buildPhases = (
				69CAF8642257B062006F9C60 /* Headers */,
				69CAF8652257B062006F9C60 /* Sources */,
				69CAF8662257B062006F9C60 /* Frameworks */,
			);
			buildRules = (
			);
			dependencies = (
			);
			name = SetReplace;
			productName = SetReplaceLibrary;
			productReference = 69CAF8682257B062006F9C60 /* libSetReplace.dylib */;
			productType = "com.apple.product-type.library.dynamic";
		};
/* End PBXNativeTarget section */

/* Begin PBXProject section */
		695F485B222440B90058E057 /* Project object */ = {
			isa = PBXProject;
			attributes = {
				LastUpgradeCheck = 1010;
				ORGANIZATIONNAME = maxitg;
				TargetAttributes = {
					69CAF8672257B062006F9C60 = {
						CreatedOnToolsVersion = 10.2;
					};
				};
			};
			buildConfigurationList = 695F485E222440B90058E057 /* Build configuration list for PBXProject "SetReplace" */;
			compatibilityVersion = "Xcode 9.3";
			developmentRegion = en;
			hasScannedForEncodings = 0;
			knownRegions = (
				en,
				Base,
			);
			mainGroup = 695F485A222440B90058E057;
			productRefGroup = 695F4864222440B90058E057 /* Products */;
			projectDirPath = "";
			projectRoot = "";
			targets = (
				69CAF8672257B062006F9C60 /* SetReplace */,
			);
		};
/* End PBXProject section */

/* Begin PBXSourcesBuildPhase section */
		69CAF8652257B062006F9C60 /* Sources */ = {
			isa = PBXSourcesBuildPhase;
			buildActionMask = 2147483647;
			files = (
				6961A1D623184ABC009461C8 /* Expression.cpp in Sources */,
				69CAF86D2257B162006F9C60 /* Match.cpp in Sources */,
				69CAF86E2257B162006F9C60 /* Set.cpp in Sources */,
				691C67D42486A44100BC0D82 /* Event.cpp in Sources */,
				69CB70E0231C245400488D26 /* SetReplace.cpp in Sources */,
			);
			runOnlyForDeploymentPostprocessing = 0;
		};
/* End PBXSourcesBuildPhase section */

/* Begin XCBuildConfiguration section */
		695F4868222440B90058E057 /* Debug */ = {
			isa = XCBuildConfiguration;
			buildSettings = {
				ALWAYS_SEARCH_USER_PATHS = NO;
				CLANG_ANALYZER_NONNULL = YES;
				CLANG_ANALYZER_NUMBER_OBJECT_CONVERSION = YES_AGGRESSIVE;
				CLANG_CXX_LANGUAGE_STANDARD = "gnu++14";
				CLANG_CXX_LIBRARY = "libc++";
				CLANG_ENABLE_MODULES = YES;
				CLANG_ENABLE_OBJC_ARC = YES;
				CLANG_ENABLE_OBJC_WEAK = YES;
				CLANG_WARN_BLOCK_CAPTURE_AUTORELEASING = YES;
				CLANG_WARN_BOOL_CONVERSION = YES;
				CLANG_WARN_COMMA = YES;
				CLANG_WARN_CONSTANT_CONVERSION = YES;
				CLANG_WARN_DEPRECATED_OBJC_IMPLEMENTATIONS = YES;
				CLANG_WARN_DIRECT_OBJC_ISA_USAGE = YES_ERROR;
				CLANG_WARN_DOCUMENTATION_COMMENTS = YES;
				CLANG_WARN_EMPTY_BODY = YES;
				CLANG_WARN_ENUM_CONVERSION = YES;
				CLANG_WARN_INFINITE_RECURSION = YES;
				CLANG_WARN_INT_CONVERSION = YES;
				CLANG_WARN_NON_LITERAL_NULL_CONVERSION = YES;
				CLANG_WARN_OBJC_IMPLICIT_RETAIN_SELF = YES;
				CLANG_WARN_OBJC_LITERAL_CONVERSION = YES;
				CLANG_WARN_OBJC_ROOT_CLASS = YES_ERROR;
				CLANG_WARN_RANGE_LOOP_ANALYSIS = YES;
				CLANG_WARN_STRICT_PROTOTYPES = YES;
				CLANG_WARN_SUSPICIOUS_MOVE = YES;
				CLANG_WARN_UNGUARDED_AVAILABILITY = YES_AGGRESSIVE;
				CLANG_WARN_UNREACHABLE_CODE = YES;
				CLANG_WARN__DUPLICATE_METHOD_MATCH = YES;
				CODE_SIGN_IDENTITY = "Mac Developer";
				COPY_PHASE_STRIP = NO;
				DEBUG_INFORMATION_FORMAT = dwarf;
				ENABLE_STRICT_OBJC_MSGSEND = YES;
				ENABLE_TESTABILITY = YES;
				GCC_C_LANGUAGE_STANDARD = gnu11;
				GCC_DYNAMIC_NO_PIC = NO;
				GCC_NO_COMMON_BLOCKS = YES;
				GCC_OPTIMIZATION_LEVEL = 0;
				GCC_PREPROCESSOR_DEFINITIONS = (
					"DEBUG=1",
					"$(inherited)",
				);
				GCC_WARN_64_TO_32_BIT_CONVERSION = YES;
				GCC_WARN_ABOUT_RETURN_TYPE = YES_ERROR;
				GCC_WARN_UNDECLARED_SELECTOR = YES;
				GCC_WARN_UNINITIALIZED_AUTOS = YES_AGGRESSIVE;
				GCC_WARN_UNUSED_FUNCTION = YES;
				GCC_WARN_UNUSED_VARIABLE = YES;
				MACOSX_DEPLOYMENT_TARGET = 10.14;
				MTL_ENABLE_DEBUG_INFO = INCLUDE_SOURCE;
				MTL_FAST_MATH = YES;
				ONLY_ACTIVE_ARCH = YES;
				SDKROOT = macosx;
			};
			name = Debug;
		};
		695F4869222440B90058E057 /* Release */ = {
			isa = XCBuildConfiguration;
			buildSettings = {
				ALWAYS_SEARCH_USER_PATHS = NO;
				CLANG_ANALYZER_NONNULL = YES;
				CLANG_ANALYZER_NUMBER_OBJECT_CONVERSION = YES_AGGRESSIVE;
				CLANG_CXX_LANGUAGE_STANDARD = "gnu++14";
				CLANG_CXX_LIBRARY = "libc++";
				CLANG_ENABLE_MODULES = YES;
				CLANG_ENABLE_OBJC_ARC = YES;
				CLANG_ENABLE_OBJC_WEAK = YES;
				CLANG_WARN_BLOCK_CAPTURE_AUTORELEASING = YES;
				CLANG_WARN_BOOL_CONVERSION = YES;
				CLANG_WARN_COMMA = YES;
				CLANG_WARN_CONSTANT_CONVERSION = YES;
				CLANG_WARN_DEPRECATED_OBJC_IMPLEMENTATIONS = YES;
				CLANG_WARN_DIRECT_OBJC_ISA_USAGE = YES_ERROR;
				CLANG_WARN_DOCUMENTATION_COMMENTS = YES;
				CLANG_WARN_EMPTY_BODY = YES;
				CLANG_WARN_ENUM_CONVERSION = YES;
				CLANG_WARN_INFINITE_RECURSION = YES;
				CLANG_WARN_INT_CONVERSION = YES;
				CLANG_WARN_NON_LITERAL_NULL_CONVERSION = YES;
				CLANG_WARN_OBJC_IMPLICIT_RETAIN_SELF = YES;
				CLANG_WARN_OBJC_LITERAL_CONVERSION = YES;
				CLANG_WARN_OBJC_ROOT_CLASS = YES_ERROR;
				CLANG_WARN_RANGE_LOOP_ANALYSIS = YES;
				CLANG_WARN_STRICT_PROTOTYPES = YES;
				CLANG_WARN_SUSPICIOUS_MOVE = YES;
				CLANG_WARN_UNGUARDED_AVAILABILITY = YES_AGGRESSIVE;
				CLANG_WARN_UNREACHABLE_CODE = YES;
				CLANG_WARN__DUPLICATE_METHOD_MATCH = YES;
				CODE_SIGN_IDENTITY = "Mac Developer";
				COPY_PHASE_STRIP = NO;
				DEBUG_INFORMATION_FORMAT = "dwarf-with-dsym";
				ENABLE_NS_ASSERTIONS = NO;
				ENABLE_STRICT_OBJC_MSGSEND = YES;
				GCC_C_LANGUAGE_STANDARD = gnu11;
				GCC_NO_COMMON_BLOCKS = YES;
				GCC_WARN_64_TO_32_BIT_CONVERSION = YES;
				GCC_WARN_ABOUT_RETURN_TYPE = YES_ERROR;
				GCC_WARN_UNDECLARED_SELECTOR = YES;
				GCC_WARN_UNINITIALIZED_AUTOS = YES_AGGRESSIVE;
				GCC_WARN_UNUSED_FUNCTION = YES;
				GCC_WARN_UNUSED_VARIABLE = YES;
				MACOSX_DEPLOYMENT_TARGET = 10.14;
				MTL_ENABLE_DEBUG_INFO = NO;
				MTL_FAST_MATH = YES;
				SDKROOT = macosx;
			};
			name = Release;
		};
		69CAF86A2257B062006F9C60 /* Debug */ = {
			isa = XCBuildConfiguration;
			buildSettings = {
				CODE_SIGN_STYLE = Automatic;
				DEVELOPMENT_TEAM = 4FZCW36HH2;
				DYLIB_COMPATIBILITY_VERSION = 1;
				DYLIB_CURRENT_VERSION = 1;
				EXECUTABLE_PREFIX = lib;
				HEADER_SEARCH_PATHS = "/Applications/Wolfram\\ Desktop.app/Contents/SystemFiles/IncludeFiles/C";
				LIBRARY_SEARCH_PATHS = "";
				PRODUCT_NAME = "$(TARGET_NAME)";
				SKIP_INSTALL = YES;
			};
			name = Debug;
		};
		69CAF86B2257B062006F9C60 /* Release */ = {
			isa = XCBuildConfiguration;
			buildSettings = {
				CODE_SIGN_STYLE = Automatic;
				DEVELOPMENT_TEAM = 4FZCW36HH2;
				DYLIB_COMPATIBILITY_VERSION = 1;
				DYLIB_CURRENT_VERSION = 1;
				EXECUTABLE_PREFIX = lib;
				HEADER_SEARCH_PATHS = "/Applications/Wolfram\\ Desktop.app/Contents/SystemFiles/IncludeFiles/C";
				LIBRARY_SEARCH_PATHS = "";
				PRODUCT_NAME = "$(TARGET_NAME)";
				SKIP_INSTALL = YES;
			};
			name = Release;
		};
/* End XCBuildConfiguration section */

/* Begin XCConfigurationList section */
		695F485E222440B90058E057 /* Build configuration list for PBXProject "SetReplace" */ = {
			isa = XCConfigurationList;
			buildConfigurations = (
				695F4868222440B90058E057 /* Debug */,
				695F4869222440B90058E057 /* Release */,
			);
			defaultConfigurationIsVisible = 0;
			defaultConfigurationName = Release;
		};
		69CAF8692257B062006F9C60 /* Build configuration list for PBXNativeTarget "SetReplace" */ = {
			isa = XCConfigurationList;
			buildConfigurations = (
				69CAF86A2257B062006F9C60 /* Debug */,
				69CAF86B2257B062006F9C60 /* Release */,
			);
			defaultConfigurationIsVisible = 0;
			defaultConfigurationName = Release;
		};
/* End XCConfigurationList section */
	};
	rootObject = 695F485B222440B90058E057 /* Project object */;
}
